
Microsoft Visual Studio Solution File, Format Version 12.00
# Visual Studio Version 17
VisualStudioVersion = 17.7.34031.279
MinimumVisualStudioVersion = 10.0.40219.1
Project("{9A19103F-16F7-4668-BE54-9A1E7A4F7556}") = "Klient_Nowy", "Klient_Nowy\Klient_Nowy.csproj", "{B09DF51A-1C36-42A1-A48C-A45B6689B03C}"
EndProject
Global
	GlobalSection(SolutionConfigurationPlatforms) = preSolution
		Debug|Any CPU = Debug|Any CPU
		Release|Any CPU = Release|Any CPU
	EndGlobalSection
	GlobalSection(ProjectConfigurationPlatforms) = postSolution
		{B09DF51A-1C36-42A1-A48C-A45B6689B03C}.Debug|Any CPU.ActiveCfg = Debug|Any CPU
		{B09DF51A-1C36-42A1-A48C-A45B6689B03C}.Debug|Any CPU.Build.0 = Debug|Any CPU
		{B09DF51A-1C36-42A1-A48C-A45B6689B03C}.Release|Any CPU.ActiveCfg = Release|Any CPU
		{B09DF51A-1C36-42A1-A48C-A45B6689B03C}.Release|Any CPU.Build.0 = Release|Any CPU
	EndGlobalSection
	GlobalSection(SolutionProperties) = preSolution
		HideSolutionNode = FALSE
	EndGlobalSection
	GlobalSection(ExtensibilityGlobals) = postSolution
		SolutionGuid = {DC4FF0A0-A404-4DC0-9108-492CBE3B1AA7}
	EndGlobalSection
EndGlobal
